
Microsoft Visual Studio Solution File, Format Version 12.00
# Visual Studio Version 16
VisualStudioVersion = 16.0.30907.101
MinimumVisualStudioVersion = 10.0.40219.1
Project("{FAE04EC0-301F-11D3-BF4B-00C04F79EFBC}") = "LinqProject", "LinqProject\LinqProject.csproj", "{1A3E78C3-AAFE-4011-ABA7-E27D063071BB}"
EndProject
Global
	GlobalSection(SolutionConfigurationPlatforms) = preSolution
		Debug|Any CPU = Debug|Any CPU
		Release|Any CPU = Release|Any CPU
	EndGlobalSection
	GlobalSection(ProjectConfigurationPlatforms) = postSolution
		{1A3E78C3-AAFE-4011-ABA7-E27D063071BB}.Debug|Any CPU.ActiveCfg = Debug|Any CPU
		{1A3E78C3-AAFE-4011-ABA7-E27D063071BB}.Debug|Any CPU.Build.0 = Debug|Any CPU
		{1A3E78C3-AAFE-4011-ABA7-E27D063071BB}.Release|Any CPU.ActiveCfg = Release|Any CPU
		{1A3E78C3-AAFE-4011-ABA7-E27D063071BB}.Release|Any CPU.Build.0 = Release|Any CPU
	EndGlobalSection
	GlobalSection(SolutionProperties) = preSolution
		HideSolutionNode = FALSE
	EndGlobalSection
	GlobalSection(ExtensibilityGlobals) = postSolution
		SolutionGuid = {C682BBD5-A80B-4DC2-8F34-A9A391C16859}
	EndGlobalSection
EndGlobal
